
Microsoft Visual Studio Solution File, Format Version 12.00
# Visual Studio 14
VisualStudioVersion = 14.0.25420.1
MinimumVisualStudioVersion = 10.0.40219.1
Project("{FAE04EC0-301F-11D3-BF4B-00C04F79EFBC}") = "MovieClassLayer", "ClassLayer\MovieClassLayer.csproj", "{7DD1E0FC-7C49-436C-A192-8208F588A1AF}"
EndProject
Project("{FAE04EC0-301F-11D3-BF4B-00C04F79EFBC}") = "MovieBusinessLayer", "BusinessLayer\MovieBusinessLayer.csproj", "{F4628B99-C8D2-421A-94E4-4F5AB646841A}"
EndProject
Project("{FAE04EC0-301F-11D3-BF4B-00C04F79EFBC}") = "MovieDataLayer", "DataLayer\MovieDataLayer.csproj", "{F1BAAD01-5340-4C77-A387-F12A7EA5A115}"
EndProject
Project("{FAE04EC0-301F-11D3-BF4B-00C04F79EFBC}") = "ApplicationVariables", "ApplicationVariables\ApplicationVariables.csproj", "{A9E27A37-A9F9-4803-8190-2AFF0F737292}"
EndProject
Project("{FAE04EC0-301F-11D3-BF4B-00C04F79EFBC}") = "WebMovies", "WebMovies\WebMovies.csproj", "{1DF6E4A3-1A54-4BB4-B42E-36E9E65CDB0C}"
EndProject
Project("{2150E333-8FDC-42A3-9474-1A3956D46DE8}") = "Plans", "Plans", "{383177C9-5F91-4A0A-8848-9DBC6EA6A7DA}"
	ProjectSection(SolutionItems) = preProject
		Plans\PlanCreatePage.doc = Plans\PlanCreatePage.doc
		Plans\Tasks.doc = Plans\Tasks.doc
	EndProjectSection
EndProject
Global
	GlobalSection(SolutionConfigurationPlatforms) = preSolution
		Debug|Any CPU = Debug|Any CPU
		Release|Any CPU = Release|Any CPU
	EndGlobalSection
	GlobalSection(ProjectConfigurationPlatforms) = postSolution
		{7DD1E0FC-7C49-436C-A192-8208F588A1AF}.Debug|Any CPU.ActiveCfg = Debug|Any CPU
		{7DD1E0FC-7C49-436C-A192-8208F588A1AF}.Debug|Any CPU.Build.0 = Debug|Any CPU
		{7DD1E0FC-7C49-436C-A192-8208F588A1AF}.Release|Any CPU.ActiveCfg = Release|Any CPU
		{7DD1E0FC-7C49-436C-A192-8208F588A1AF}.Release|Any CPU.Build.0 = Release|Any CPU
		{F4628B99-C8D2-421A-94E4-4F5AB646841A}.Debug|Any CPU.ActiveCfg = Debug|Any CPU
		{F4628B99-C8D2-421A-94E4-4F5AB646841A}.Debug|Any CPU.Build.0 = Debug|Any CPU
		{F4628B99-C8D2-421A-94E4-4F5AB646841A}.Release|Any CPU.ActiveCfg = Release|Any CPU
		{F4628B99-C8D2-421A-94E4-4F5AB646841A}.Release|Any CPU.Build.0 = Release|Any CPU
		{F1BAAD01-5340-4C77-A387-F12A7EA5A115}.Debug|Any CPU.ActiveCfg = Debug|Any CPU
		{F1BAAD01-5340-4C77-A387-F12A7EA5A115}.Debug|Any CPU.Build.0 = Debug|Any CPU
		{F1BAAD01-5340-4C77-A387-F12A7EA5A115}.Release|Any CPU.ActiveCfg = Release|Any CPU
		{F1BAAD01-5340-4C77-A387-F12A7EA5A115}.Release|Any CPU.Build.0 = Release|Any CPU
		{A9E27A37-A9F9-4803-8190-2AFF0F737292}.Debug|Any CPU.ActiveCfg = Debug|Any CPU
		{A9E27A37-A9F9-4803-8190-2AFF0F737292}.Debug|Any CPU.Build.0 = Debug|Any CPU
		{A9E27A37-A9F9-4803-8190-2AFF0F737292}.Release|Any CPU.ActiveCfg = Release|Any CPU
		{A9E27A37-A9F9-4803-8190-2AFF0F737292}.Release|Any CPU.Build.0 = Release|Any CPU
		{1DF6E4A3-1A54-4BB4-B42E-36E9E65CDB0C}.Debug|Any CPU.ActiveCfg = Debug|Any CPU
		{1DF6E4A3-1A54-4BB4-B42E-36E9E65CDB0C}.Debug|Any CPU.Build.0 = Debug|Any CPU
		{1DF6E4A3-1A54-4BB4-B42E-36E9E65CDB0C}.Release|Any CPU.ActiveCfg = Release|Any CPU
		{1DF6E4A3-1A54-4BB4-B42E-36E9E65CDB0C}.Release|Any CPU.Build.0 = Release|Any CPU
	EndGlobalSection
	GlobalSection(SolutionProperties) = preSolution
		HideSolutionNode = FALSE
	EndGlobalSection
EndGlobal
